{
  "https://jdwfuoipoelmobuh.public.blob.vercel-storage.com/rule-create-high-fps-xr0vXRV66mOUts5LGbSuiPGLgI1hXb.mp4": { "integrity": "sha512-jzJ13DqwevQJ+FxUJQs/A3fNzJwsKu4p9t2dxrRmSYmg7CZb/qbawvpugPx/zLJDkzzz38Cb2uaGAm41ouixjg==", "contentType": "video/mp4" },
  "https://jdwfuoipoelmobuh.public.blob.vercel-storage.com/rule-review-voO0xrHQCQNMLosKi0dYiOW1GtX3ii.mp4": { "integrity": "sha512-J3efAE00munIW+Sqiy84IVw0Q+4FGz9LEy96dWXHoMz8COD9cj8fGNxWiIjxe2x8arIuRsOnc7+0nFRasQvoWw==", "contentType": "video/mp4" },
  "version": 1
}
